
Microsoft Visual Studio Solution File, Format Version 12.00
# Visual Studio 14
VisualStudioVersion = 14.0.23107.0
MinimumVisualStudioVersion = 10.0.40219.1
Project("{F2A71F9B-5D33-465A-A702-920D77279786}") = "MonadsForRealPeople.FSharp", "MonadsForRealPeople.FSharp\MonadsForRealPeople.FSharp.fsproj", "{46077EE8-5A9A-42C7-B51F-233D0E009C56}"
EndProject
Project("{FAE04EC0-301F-11D3-BF4B-00C04F79EFBC}") = "MonadsForRealPeople.CSharp", "MonadsForRealPeople.CSharp\MonadsForRealPeople.CSharp.csproj", "{2375964D-7C97-486A-9CC4-158681EA987F}"
EndProject
Global
	GlobalSection(SolutionConfigurationPlatforms) = preSolution
		Debug|Any CPU = Debug|Any CPU
		Release|Any CPU = Release|Any CPU
	EndGlobalSection
	GlobalSection(ProjectConfigurationPlatforms) = postSolution
		{46077EE8-5A9A-42C7-B51F-233D0E009C56}.Debug|Any CPU.ActiveCfg = Debug|Any CPU
		{46077EE8-5A9A-42C7-B51F-233D0E009C56}.Debug|Any CPU.Build.0 = Debug|Any CPU
		{46077EE8-5A9A-42C7-B51F-233D0E009C56}.Release|Any CPU.ActiveCfg = Release|Any CPU
		{46077EE8-5A9A-42C7-B51F-233D0E009C56}.Release|Any CPU.Build.0 = Release|Any CPU
		{2375964D-7C97-486A-9CC4-158681EA987F}.Debug|Any CPU.ActiveCfg = Debug|Any CPU
		{2375964D-7C97-486A-9CC4-158681EA987F}.Debug|Any CPU.Build.0 = Debug|Any CPU
		{2375964D-7C97-486A-9CC4-158681EA987F}.Release|Any CPU.ActiveCfg = Release|Any CPU
		{2375964D-7C97-486A-9CC4-158681EA987F}.Release|Any CPU.Build.0 = Release|Any CPU
	EndGlobalSection
	GlobalSection(SolutionProperties) = preSolution
		HideSolutionNode = FALSE
	EndGlobalSection
EndGlobal
